
Microsoft Visual Studio Solution File, Format Version 12.00
Project("{2150E333-8FDC-42A3-9474-1A3956D46DE8}") = "Catalog", "Catalog", "{4510AF67-A1DF-4B87-AECF-4688F92BAD9D}"
EndProject
Project("{2150E333-8FDC-42A3-9474-1A3956D46DE8}") = "Backend", "Backend", "{9518B12D-3611-4A04-8EA1-2CC58F78BA4E}"
EndProject
Project("{FAE04EC0-301F-11D3-BF4B-00C04F79EFBC}") = "Catalog.Core", "Backend\Catalog\Catalog.Core\Catalog.Core.csproj", "{95EBBBD5-01F9-4DC5-AB71-6C7C13D942BC}"
EndProject
Project("{FAE04EC0-301F-11D3-BF4B-00C04F79EFBC}") = "Catalog.Domain", "Backend\Catalog\Catalog.Domain\Catalog.Domain.csproj", "{F29B1C1E-D070-4EC2-84F3-4B314EEAA33C}"
EndProject
Project("{2150E333-8FDC-42A3-9474-1A3956D46DE8}") = "Identity", "Identity", "{2F5F425E-DEA6-43D4-8CFE-ABDAAD709F7A}"
EndProject
Project("{FAE04EC0-301F-11D3-BF4B-00C04F79EFBC}") = "IdentityServer", "Backend\Identity\IdentityServer\IdentityServer.csproj", "{7012AD1D-7900-4280-B971-2D3E5435980B}"
EndProject
Project("{FAE04EC0-301F-11D3-BF4B-00C04F79EFBC}") = "Catalog.API", "Backend\Catalog\Catalog.API\Catalog.API.csproj", "{678986A1-28F8-490A-9CD9-382D13E78AD0}"
EndProject
Project("{FAE04EC0-301F-11D3-BF4B-00C04F79EFBC}") = "Catalog.Application", "Backend\Catalog\Catalog.Application\Catalog.Application.csproj", "{D0D5C77C-D82D-470E-AD59-5E33C2D50DF7}"
EndProject
Project("{FAE04EC0-301F-11D3-BF4B-00C04F79EFBC}") = "Catalog.DataAccess", "Backend\Catalog\Catalog.Data\Catalog.DataAccess.csproj", "{CC22712A-9036-45E6-95D1-E294E25B3EEA}"
EndProject
Project("{2150E333-8FDC-42A3-9474-1A3956D46DE8}") = "BFF", "BFF", "{7B0DEA2E-A11A-4D44-82F3-C794D6AA44CC}"
EndProject
Project("{2150E333-8FDC-42A3-9474-1A3956D46DE8}") = "Web", "Web", "{22739DFB-D263-4194-81A7-A472BB7E506D}"
EndProject
Project("{FAE04EC0-301F-11D3-BF4B-00C04F79EFBC}") = "BFF.Web", "Backend\BFF\BFF.Web\BFF.Web.csproj", "{B72CB379-021A-4078-B10E-DAB0B2178F27}"
EndProject
Project("{2150E333-8FDC-42A3-9474-1A3956D46DE8}") = "Basket", "Basket", "{88C8BA33-DAA8-4E10-8BAA-9A27EBB1AFAE}"
EndProject
Project("{FAE04EC0-301F-11D3-BF4B-00C04F79EFBC}") = "Basket.API", "Backend\Basket\Basket.API\Basket.API.csproj", "{8F920E97-D010-4D03-A7F0-04A948CA281D}"
EndProject
Project("{FAE04EC0-301F-11D3-BF4B-00C04F79EFBC}") = "Basket.Core", "Backend\Basket\Basket.Core\Basket.Core.csproj", "{E89BEC80-849A-4763-B819-DC1D8E5627B6}"
EndProject
Project("{FAE04EC0-301F-11D3-BF4B-00C04F79EFBC}") = "Basket.Domain", "Backend\Basket\Basket.Domain\Basket.Domain.csproj", "{D9A4F0CF-9438-45CB-A2F8-5FE5C1ABD143}"
EndProject
Project("{2150E333-8FDC-42A3-9474-1A3956D46DE8}") = "Order", "Order", "{9798BBA0-31A2-44C1-B868-C3F38A3E9A52}"
EndProject
Project("{FAE04EC0-301F-11D3-BF4B-00C04F79EFBC}") = "Ordering.API", "Backend\Order\Ordering.API\Ordering.API.csproj", "{704C9274-9BD4-4270-AFE2-D3A75D47DEBD}"
EndProject
Project("{FAE04EC0-301F-11D3-BF4B-00C04F79EFBC}") = "Ordering.Application", "Backend\Order\Ordering.Application\Ordering.Application.csproj", "{774F2992-386A-47FB-878E-5FC237854EE7}"
EndProject
Project("{FAE04EC0-301F-11D3-BF4B-00C04F79EFBC}") = "Ordering.Core", "Backend\Order\Ordering.Core\Ordering.Core.csproj", "{F730B4E4-C951-4109-8505-2D81AF2C4F55}"
EndProject
Project("{FAE04EC0-301F-11D3-BF4B-00C04F79EFBC}") = "Ordering.DataAccess", "Backend\Order\Ordering.DataAccess\Ordering.DataAccess.csproj", "{E66B36A3-687C-4C9D-9B2D-07990F68CAE3}"
EndProject
Project("{FAE04EC0-301F-11D3-BF4B-00C04F79EFBC}") = "Ordering.Domain", "Backend\Order\Ordering.Domain\Ordering.Domain.csproj", "{74D479AF-CE8E-4598-98D3-D1511F4EBDC6}"
EndProject
Project("{FAE04EC0-301F-11D3-BF4B-00C04F79EFBC}") = "MVC", "Backend\Web\MVC\MVC.csproj", "{95B7DCDB-52BF-4EF5-8C43-4B8F39AEF883}"
EndProject
Project("{2150E333-8FDC-42A3-9474-1A3956D46DE8}") = "Common", "Common", "{61A2B460-E153-4E17-A422-EAABD054CBCC}"
EndProject
Project("{FAE04EC0-301F-11D3-BF4B-00C04F79EFBC}") = "Helpers", "Backend\Common\Helpers\Helpers.csproj", "{C27D8416-8250-416D-8B0A-AD779DCC4ACE}"
EndProject
Project("{FAE04EC0-301F-11D3-BF4B-00C04F79EFBC}") = "Settings", "Backend\Common\Settings\Settings.csproj", "{8F62F189-45F5-4C95-87F5-944F600D7542}"
EndProject
Project("{FAE04EC0-301F-11D3-BF4B-00C04F79EFBC}") = "Basket.Application", "Backend\Basket\Basket.Application\Basket.Application.csproj", "{5D563EB5-D800-4E38-BE50-78EC2C68DDAF}"
EndProject
Global
	GlobalSection(SolutionConfigurationPlatforms) = preSolution
		Debug|Any CPU = Debug|Any CPU
		Release|Any CPU = Release|Any CPU
	EndGlobalSection
	GlobalSection(NestedProjects) = preSolution
		{4510AF67-A1DF-4B87-AECF-4688F92BAD9D} = {9518B12D-3611-4A04-8EA1-2CC58F78BA4E}
		{95EBBBD5-01F9-4DC5-AB71-6C7C13D942BC} = {4510AF67-A1DF-4B87-AECF-4688F92BAD9D}
		{F29B1C1E-D070-4EC2-84F3-4B314EEAA33C} = {4510AF67-A1DF-4B87-AECF-4688F92BAD9D}
		{2F5F425E-DEA6-43D4-8CFE-ABDAAD709F7A} = {9518B12D-3611-4A04-8EA1-2CC58F78BA4E}
		{7012AD1D-7900-4280-B971-2D3E5435980B} = {2F5F425E-DEA6-43D4-8CFE-ABDAAD709F7A}
		{678986A1-28F8-490A-9CD9-382D13E78AD0} = {4510AF67-A1DF-4B87-AECF-4688F92BAD9D}
		{D0D5C77C-D82D-470E-AD59-5E33C2D50DF7} = {4510AF67-A1DF-4B87-AECF-4688F92BAD9D}
		{CC22712A-9036-45E6-95D1-E294E25B3EEA} = {4510AF67-A1DF-4B87-AECF-4688F92BAD9D}
		{7B0DEA2E-A11A-4D44-82F3-C794D6AA44CC} = {9518B12D-3611-4A04-8EA1-2CC58F78BA4E}
		{22739DFB-D263-4194-81A7-A472BB7E506D} = {9518B12D-3611-4A04-8EA1-2CC58F78BA4E}
		{B72CB379-021A-4078-B10E-DAB0B2178F27} = {7B0DEA2E-A11A-4D44-82F3-C794D6AA44CC}
		{88C8BA33-DAA8-4E10-8BAA-9A27EBB1AFAE} = {9518B12D-3611-4A04-8EA1-2CC58F78BA4E}
		{8F920E97-D010-4D03-A7F0-04A948CA281D} = {88C8BA33-DAA8-4E10-8BAA-9A27EBB1AFAE}
		{E89BEC80-849A-4763-B819-DC1D8E5627B6} = {88C8BA33-DAA8-4E10-8BAA-9A27EBB1AFAE}
		{D9A4F0CF-9438-45CB-A2F8-5FE5C1ABD143} = {88C8BA33-DAA8-4E10-8BAA-9A27EBB1AFAE}
		{9798BBA0-31A2-44C1-B868-C3F38A3E9A52} = {9518B12D-3611-4A04-8EA1-2CC58F78BA4E}
		{704C9274-9BD4-4270-AFE2-D3A75D47DEBD} = {9798BBA0-31A2-44C1-B868-C3F38A3E9A52}
		{774F2992-386A-47FB-878E-5FC237854EE7} = {9798BBA0-31A2-44C1-B868-C3F38A3E9A52}
		{F730B4E4-C951-4109-8505-2D81AF2C4F55} = {9798BBA0-31A2-44C1-B868-C3F38A3E9A52}
		{E66B36A3-687C-4C9D-9B2D-07990F68CAE3} = {9798BBA0-31A2-44C1-B868-C3F38A3E9A52}
		{74D479AF-CE8E-4598-98D3-D1511F4EBDC6} = {9798BBA0-31A2-44C1-B868-C3F38A3E9A52}
		{95B7DCDB-52BF-4EF5-8C43-4B8F39AEF883} = {22739DFB-D263-4194-81A7-A472BB7E506D}
		{61A2B460-E153-4E17-A422-EAABD054CBCC} = {9518B12D-3611-4A04-8EA1-2CC58F78BA4E}
		{C27D8416-8250-416D-8B0A-AD779DCC4ACE} = {61A2B460-E153-4E17-A422-EAABD054CBCC}
		{8F62F189-45F5-4C95-87F5-944F600D7542} = {61A2B460-E153-4E17-A422-EAABD054CBCC}
		{5D563EB5-D800-4E38-BE50-78EC2C68DDAF} = {88C8BA33-DAA8-4E10-8BAA-9A27EBB1AFAE}
	EndGlobalSection
	GlobalSection(ProjectConfigurationPlatforms) = postSolution
		{95EBBBD5-01F9-4DC5-AB71-6C7C13D942BC}.Debug|Any CPU.ActiveCfg = Debug|Any CPU
		{95EBBBD5-01F9-4DC5-AB71-6C7C13D942BC}.Debug|Any CPU.Build.0 = Debug|Any CPU
		{95EBBBD5-01F9-4DC5-AB71-6C7C13D942BC}.Release|Any CPU.ActiveCfg = Release|Any CPU
		{95EBBBD5-01F9-4DC5-AB71-6C7C13D942BC}.Release|Any CPU.Build.0 = Release|Any CPU
		{F29B1C1E-D070-4EC2-84F3-4B314EEAA33C}.Debug|Any CPU.ActiveCfg = Debug|Any CPU
		{F29B1C1E-D070-4EC2-84F3-4B314EEAA33C}.Debug|Any CPU.Build.0 = Debug|Any CPU
		{F29B1C1E-D070-4EC2-84F3-4B314EEAA33C}.Release|Any CPU.ActiveCfg = Release|Any CPU
		{F29B1C1E-D070-4EC2-84F3-4B314EEAA33C}.Release|Any CPU.Build.0 = Release|Any CPU
		{7012AD1D-7900-4280-B971-2D3E5435980B}.Debug|Any CPU.ActiveCfg = Debug|Any CPU
		{7012AD1D-7900-4280-B971-2D3E5435980B}.Debug|Any CPU.Build.0 = Debug|Any CPU
		{7012AD1D-7900-4280-B971-2D3E5435980B}.Release|Any CPU.ActiveCfg = Release|Any CPU
		{7012AD1D-7900-4280-B971-2D3E5435980B}.Release|Any CPU.Build.0 = Release|Any CPU
		{678986A1-28F8-490A-9CD9-382D13E78AD0}.Debug|Any CPU.ActiveCfg = Debug|Any CPU
		{678986A1-28F8-490A-9CD9-382D13E78AD0}.Debug|Any CPU.Build.0 = Debug|Any CPU
		{678986A1-28F8-490A-9CD9-382D13E78AD0}.Release|Any CPU.ActiveCfg = Release|Any CPU
		{678986A1-28F8-490A-9CD9-382D13E78AD0}.Release|Any CPU.Build.0 = Release|Any CPU
		{D0D5C77C-D82D-470E-AD59-5E33C2D50DF7}.Debug|Any CPU.ActiveCfg = Debug|Any CPU
		{D0D5C77C-D82D-470E-AD59-5E33C2D50DF7}.Debug|Any CPU.Build.0 = Debug|Any CPU
		{D0D5C77C-D82D-470E-AD59-5E33C2D50DF7}.Release|Any CPU.ActiveCfg = Release|Any CPU
		{D0D5C77C-D82D-470E-AD59-5E33C2D50DF7}.Release|Any CPU.Build.0 = Release|Any CPU
		{CC22712A-9036-45E6-95D1-E294E25B3EEA}.Debug|Any CPU.ActiveCfg = Debug|Any CPU
		{CC22712A-9036-45E6-95D1-E294E25B3EEA}.Debug|Any CPU.Build.0 = Debug|Any CPU
		{CC22712A-9036-45E6-95D1-E294E25B3EEA}.Release|Any CPU.ActiveCfg = Release|Any CPU
		{CC22712A-9036-45E6-95D1-E294E25B3EEA}.Release|Any CPU.Build.0 = Release|Any CPU
		{B72CB379-021A-4078-B10E-DAB0B2178F27}.Debug|Any CPU.ActiveCfg = Debug|Any CPU
		{B72CB379-021A-4078-B10E-DAB0B2178F27}.Debug|Any CPU.Build.0 = Debug|Any CPU
		{B72CB379-021A-4078-B10E-DAB0B2178F27}.Release|Any CPU.ActiveCfg = Release|Any CPU
		{B72CB379-021A-4078-B10E-DAB0B2178F27}.Release|Any CPU.Build.0 = Release|Any CPU
		{8F920E97-D010-4D03-A7F0-04A948CA281D}.Debug|Any CPU.ActiveCfg = Debug|Any CPU
		{8F920E97-D010-4D03-A7F0-04A948CA281D}.Debug|Any CPU.Build.0 = Debug|Any CPU
		{8F920E97-D010-4D03-A7F0-04A948CA281D}.Release|Any CPU.ActiveCfg = Release|Any CPU
		{8F920E97-D010-4D03-A7F0-04A948CA281D}.Release|Any CPU.Build.0 = Release|Any CPU
		{E89BEC80-849A-4763-B819-DC1D8E5627B6}.Debug|Any CPU.ActiveCfg = Debug|Any CPU
		{E89BEC80-849A-4763-B819-DC1D8E5627B6}.Debug|Any CPU.Build.0 = Debug|Any CPU
		{E89BEC80-849A-4763-B819-DC1D8E5627B6}.Release|Any CPU.ActiveCfg = Release|Any CPU
		{E89BEC80-849A-4763-B819-DC1D8E5627B6}.Release|Any CPU.Build.0 = Release|Any CPU
		{D9A4F0CF-9438-45CB-A2F8-5FE5C1ABD143}.Debug|Any CPU.ActiveCfg = Debug|Any CPU
		{D9A4F0CF-9438-45CB-A2F8-5FE5C1ABD143}.Debug|Any CPU.Build.0 = Debug|Any CPU
		{D9A4F0CF-9438-45CB-A2F8-5FE5C1ABD143}.Release|Any CPU.ActiveCfg = Release|Any CPU
		{D9A4F0CF-9438-45CB-A2F8-5FE5C1ABD143}.Release|Any CPU.Build.0 = Release|Any CPU
		{704C9274-9BD4-4270-AFE2-D3A75D47DEBD}.Debug|Any CPU.ActiveCfg = Debug|Any CPU
		{704C9274-9BD4-4270-AFE2-D3A75D47DEBD}.Debug|Any CPU.Build.0 = Debug|Any CPU
		{704C9274-9BD4-4270-AFE2-D3A75D47DEBD}.Release|Any CPU.ActiveCfg = Release|Any CPU
		{704C9274-9BD4-4270-AFE2-D3A75D47DEBD}.Release|Any CPU.Build.0 = Release|Any CPU
		{774F2992-386A-47FB-878E-5FC237854EE7}.Debug|Any CPU.ActiveCfg = Debug|Any CPU
		{774F2992-386A-47FB-878E-5FC237854EE7}.Debug|Any CPU.Build.0 = Debug|Any CPU
		{774F2992-386A-47FB-878E-5FC237854EE7}.Release|Any CPU.ActiveCfg = Release|Any CPU
		{774F2992-386A-47FB-878E-5FC237854EE7}.Release|Any CPU.Build.0 = Release|Any CPU
		{F730B4E4-C951-4109-8505-2D81AF2C4F55}.Debug|Any CPU.ActiveCfg = Debug|Any CPU
		{F730B4E4-C951-4109-8505-2D81AF2C4F55}.Debug|Any CPU.Build.0 = Debug|Any CPU
		{F730B4E4-C951-4109-8505-2D81AF2C4F55}.Release|Any CPU.ActiveCfg = Release|Any CPU
		{F730B4E4-C951-4109-8505-2D81AF2C4F55}.Release|Any CPU.Build.0 = Release|Any CPU
		{E66B36A3-687C-4C9D-9B2D-07990F68CAE3}.Debug|Any CPU.ActiveCfg = Debug|Any CPU
		{E66B36A3-687C-4C9D-9B2D-07990F68CAE3}.Debug|Any CPU.Build.0 = Debug|Any CPU
		{E66B36A3-687C-4C9D-9B2D-07990F68CAE3}.Release|Any CPU.ActiveCfg = Release|Any CPU
		{E66B36A3-687C-4C9D-9B2D-07990F68CAE3}.Release|Any CPU.Build.0 = Release|Any CPU
		{74D479AF-CE8E-4598-98D3-D1511F4EBDC6}.Debug|Any CPU.ActiveCfg = Debug|Any CPU
		{74D479AF-CE8E-4598-98D3-D1511F4EBDC6}.Debug|Any CPU.Build.0 = Debug|Any CPU
		{74D479AF-CE8E-4598-98D3-D1511F4EBDC6}.Release|Any CPU.ActiveCfg = Release|Any CPU
		{74D479AF-CE8E-4598-98D3-D1511F4EBDC6}.Release|Any CPU.Build.0 = Release|Any CPU
		{95B7DCDB-52BF-4EF5-8C43-4B8F39AEF883}.Debug|Any CPU.ActiveCfg = Debug|Any CPU
		{95B7DCDB-52BF-4EF5-8C43-4B8F39AEF883}.Debug|Any CPU.Build.0 = Debug|Any CPU
		{95B7DCDB-52BF-4EF5-8C43-4B8F39AEF883}.Release|Any CPU.ActiveCfg = Release|Any CPU
		{95B7DCDB-52BF-4EF5-8C43-4B8F39AEF883}.Release|Any CPU.Build.0 = Release|Any CPU
		{C27D8416-8250-416D-8B0A-AD779DCC4ACE}.Debug|Any CPU.ActiveCfg = Debug|Any CPU
		{C27D8416-8250-416D-8B0A-AD779DCC4ACE}.Debug|Any CPU.Build.0 = Debug|Any CPU
		{C27D8416-8250-416D-8B0A-AD779DCC4ACE}.Release|Any CPU.ActiveCfg = Release|Any CPU
		{C27D8416-8250-416D-8B0A-AD779DCC4ACE}.Release|Any CPU.Build.0 = Release|Any CPU
		{8F62F189-45F5-4C95-87F5-944F600D7542}.Debug|Any CPU.ActiveCfg = Debug|Any CPU
		{8F62F189-45F5-4C95-87F5-944F600D7542}.Debug|Any CPU.Build.0 = Debug|Any CPU
		{8F62F189-45F5-4C95-87F5-944F600D7542}.Release|Any CPU.ActiveCfg = Release|Any CPU
		{8F62F189-45F5-4C95-87F5-944F600D7542}.Release|Any CPU.Build.0 = Release|Any CPU
		{5D563EB5-D800-4E38-BE50-78EC2C68DDAF}.Debug|Any CPU.ActiveCfg = Debug|Any CPU
		{5D563EB5-D800-4E38-BE50-78EC2C68DDAF}.Debug|Any CPU.Build.0 = Debug|Any CPU
		{5D563EB5-D800-4E38-BE50-78EC2C68DDAF}.Release|Any CPU.ActiveCfg = Release|Any CPU
		{5D563EB5-D800-4E38-BE50-78EC2C68DDAF}.Release|Any CPU.Build.0 = Release|Any CPU
	EndGlobalSection
EndGlobal
