
Microsoft Visual Studio Solution File, Format Version 12.00
Project("{2150E333-8FDC-42A3-9474-1A3956D46DE8}") = "Catalog", "Catalog", "{4510AF67-A1DF-4B87-AECF-4688F92BAD9D}"
EndProject
Project("{2150E333-8FDC-42A3-9474-1A3956D46DE8}") = "Backend", "Backend", "{9518B12D-3611-4A04-8EA1-2CC58F78BA4E}"
EndProject
Project("{FAE04EC0-301F-11D3-BF4B-00C04F79EFBC}") = "Catalog.Core", "Backend\Catalog\Catalog.Core\Catalog.Core.csproj", "{95EBBBD5-01F9-4DC5-AB71-6C7C13D942BC}"
EndProject
Project("{FAE04EC0-301F-11D3-BF4B-00C04F79EFBC}") = "Catalog.Domain", "Backend\Catalog\Catalog.Domain\Catalog.Domain.csproj", "{F29B1C1E-D070-4EC2-84F3-4B314EEAA33C}"
EndProject
Project("{2150E333-8FDC-42A3-9474-1A3956D46DE8}") = "Identity", "Identity", "{2F5F425E-DEA6-43D4-8CFE-ABDAAD709F7A}"
EndProject
Project("{FAE04EC0-301F-11D3-BF4B-00C04F79EFBC}") = "IdentityServer", "Backend\Identity\IdentityServer\IdentityServer.csproj", "{7012AD1D-7900-4280-B971-2D3E5435980B}"
EndProject
Project("{FAE04EC0-301F-11D3-BF4B-00C04F79EFBC}") = "Catalog.API", "Backend\Catalog\Catalog.API\Catalog.API.csproj", "{678986A1-28F8-490A-9CD9-382D13E78AD0}"
EndProject
Project("{FAE04EC0-301F-11D3-BF4B-00C04F79EFBC}") = "Catalog.Application", "Backend\Catalog\Catalog.Application\Catalog.Application.csproj", "{D0D5C77C-D82D-470E-AD59-5E33C2D50DF7}"
EndProject
Project("{FAE04EC0-301F-11D3-BF4B-00C04F79EFBC}") = "Catalog.DataAccess", "Backend\Catalog\Catalog.Data\Catalog.DataAccess.csproj", "{CC22712A-9036-45E6-95D1-E294E25B3EEA}"
EndProject
Project("{2150E333-8FDC-42A3-9474-1A3956D46DE8}") = "BFF", "BFF", "{7B0DEA2E-A11A-4D44-82F3-C794D6AA44CC}"
EndProject
Project("{2150E333-8FDC-42A3-9474-1A3956D46DE8}") = "Web", "Web", "{22739DFB-D263-4194-81A7-A472BB7E506D}"
EndProject
Project("{FAE04EC0-301F-11D3-BF4B-00C04F79EFBC}") = "MVC", "Backend\Web\MVC\MVC.csproj", "{D9F983DD-D343-48C4-B924-BE4ECBDB22B4}"
EndProject
Project("{FAE04EC0-301F-11D3-BF4B-00C04F79EFBC}") = "BFF.Web", "Backend\BFF\BFF.Web\BFF.Web.csproj", "{B72CB379-021A-4078-B10E-DAB0B2178F27}"
EndProject
Global
	GlobalSection(SolutionConfigurationPlatforms) = preSolution
		Debug|Any CPU = Debug|Any CPU
		Release|Any CPU = Release|Any CPU
	EndGlobalSection
	GlobalSection(NestedProjects) = preSolution
		{4510AF67-A1DF-4B87-AECF-4688F92BAD9D} = {9518B12D-3611-4A04-8EA1-2CC58F78BA4E}
		{95EBBBD5-01F9-4DC5-AB71-6C7C13D942BC} = {4510AF67-A1DF-4B87-AECF-4688F92BAD9D}
		{F29B1C1E-D070-4EC2-84F3-4B314EEAA33C} = {4510AF67-A1DF-4B87-AECF-4688F92BAD9D}
		{2F5F425E-DEA6-43D4-8CFE-ABDAAD709F7A} = {9518B12D-3611-4A04-8EA1-2CC58F78BA4E}
		{7012AD1D-7900-4280-B971-2D3E5435980B} = {2F5F425E-DEA6-43D4-8CFE-ABDAAD709F7A}
		{678986A1-28F8-490A-9CD9-382D13E78AD0} = {4510AF67-A1DF-4B87-AECF-4688F92BAD9D}
		{D0D5C77C-D82D-470E-AD59-5E33C2D50DF7} = {4510AF67-A1DF-4B87-AECF-4688F92BAD9D}
		{CC22712A-9036-45E6-95D1-E294E25B3EEA} = {4510AF67-A1DF-4B87-AECF-4688F92BAD9D}
		{7B0DEA2E-A11A-4D44-82F3-C794D6AA44CC} = {9518B12D-3611-4A04-8EA1-2CC58F78BA4E}
		{22739DFB-D263-4194-81A7-A472BB7E506D} = {9518B12D-3611-4A04-8EA1-2CC58F78BA4E}
		{D9F983DD-D343-48C4-B924-BE4ECBDB22B4} = {22739DFB-D263-4194-81A7-A472BB7E506D}
		{B72CB379-021A-4078-B10E-DAB0B2178F27} = {7B0DEA2E-A11A-4D44-82F3-C794D6AA44CC}
	EndGlobalSection
	GlobalSection(ProjectConfigurationPlatforms) = postSolution
		{95EBBBD5-01F9-4DC5-AB71-6C7C13D942BC}.Debug|Any CPU.ActiveCfg = Debug|Any CPU
		{95EBBBD5-01F9-4DC5-AB71-6C7C13D942BC}.Debug|Any CPU.Build.0 = Debug|Any CPU
		{95EBBBD5-01F9-4DC5-AB71-6C7C13D942BC}.Release|Any CPU.ActiveCfg = Release|Any CPU
		{95EBBBD5-01F9-4DC5-AB71-6C7C13D942BC}.Release|Any CPU.Build.0 = Release|Any CPU
		{F29B1C1E-D070-4EC2-84F3-4B314EEAA33C}.Debug|Any CPU.ActiveCfg = Debug|Any CPU
		{F29B1C1E-D070-4EC2-84F3-4B314EEAA33C}.Debug|Any CPU.Build.0 = Debug|Any CPU
		{F29B1C1E-D070-4EC2-84F3-4B314EEAA33C}.Release|Any CPU.ActiveCfg = Release|Any CPU
		{F29B1C1E-D070-4EC2-84F3-4B314EEAA33C}.Release|Any CPU.Build.0 = Release|Any CPU
		{7012AD1D-7900-4280-B971-2D3E5435980B}.Debug|Any CPU.ActiveCfg = Debug|Any CPU
		{7012AD1D-7900-4280-B971-2D3E5435980B}.Debug|Any CPU.Build.0 = Debug|Any CPU
		{7012AD1D-7900-4280-B971-2D3E5435980B}.Release|Any CPU.ActiveCfg = Release|Any CPU
		{7012AD1D-7900-4280-B971-2D3E5435980B}.Release|Any CPU.Build.0 = Release|Any CPU
		{678986A1-28F8-490A-9CD9-382D13E78AD0}.Debug|Any CPU.ActiveCfg = Debug|Any CPU
		{678986A1-28F8-490A-9CD9-382D13E78AD0}.Debug|Any CPU.Build.0 = Debug|Any CPU
		{678986A1-28F8-490A-9CD9-382D13E78AD0}.Release|Any CPU.ActiveCfg = Release|Any CPU
		{678986A1-28F8-490A-9CD9-382D13E78AD0}.Release|Any CPU.Build.0 = Release|Any CPU
		{D0D5C77C-D82D-470E-AD59-5E33C2D50DF7}.Debug|Any CPU.ActiveCfg = Debug|Any CPU
		{D0D5C77C-D82D-470E-AD59-5E33C2D50DF7}.Debug|Any CPU.Build.0 = Debug|Any CPU
		{D0D5C77C-D82D-470E-AD59-5E33C2D50DF7}.Release|Any CPU.ActiveCfg = Release|Any CPU
		{D0D5C77C-D82D-470E-AD59-5E33C2D50DF7}.Release|Any CPU.Build.0 = Release|Any CPU
		{CC22712A-9036-45E6-95D1-E294E25B3EEA}.Debug|Any CPU.ActiveCfg = Debug|Any CPU
		{CC22712A-9036-45E6-95D1-E294E25B3EEA}.Debug|Any CPU.Build.0 = Debug|Any CPU
		{CC22712A-9036-45E6-95D1-E294E25B3EEA}.Release|Any CPU.ActiveCfg = Release|Any CPU
		{CC22712A-9036-45E6-95D1-E294E25B3EEA}.Release|Any CPU.Build.0 = Release|Any CPU
		{D9F983DD-D343-48C4-B924-BE4ECBDB22B4}.Debug|Any CPU.ActiveCfg = Debug|Any CPU
		{D9F983DD-D343-48C4-B924-BE4ECBDB22B4}.Debug|Any CPU.Build.0 = Debug|Any CPU
		{D9F983DD-D343-48C4-B924-BE4ECBDB22B4}.Release|Any CPU.ActiveCfg = Release|Any CPU
		{D9F983DD-D343-48C4-B924-BE4ECBDB22B4}.Release|Any CPU.Build.0 = Release|Any CPU
		{B72CB379-021A-4078-B10E-DAB0B2178F27}.Debug|Any CPU.ActiveCfg = Debug|Any CPU
		{B72CB379-021A-4078-B10E-DAB0B2178F27}.Debug|Any CPU.Build.0 = Debug|Any CPU
		{B72CB379-021A-4078-B10E-DAB0B2178F27}.Release|Any CPU.ActiveCfg = Release|Any CPU
		{B72CB379-021A-4078-B10E-DAB0B2178F27}.Release|Any CPU.Build.0 = Release|Any CPU
	EndGlobalSection
EndGlobal
