
Microsoft Visual Studio Solution File, Format Version 12.00
# Visual Studio Version 17
VisualStudioVersion = 17.7.34003.232
MinimumVisualStudioVersion = 10.0.40219.1
Project("{FAE04EC0-301F-11D3-BF4B-00C04F79EFBC}") = "Mod3.Lection5.Hw1.1", "Mod3.Lection5.Hw1.1\Mod3.Lection5.Hw1.1.csproj", "{E35F130C-FCF9-427E-8A18-58989EBCE13E}"
EndProject
Global
	GlobalSection(SolutionConfigurationPlatforms) = preSolution
		Debug|Any CPU = Debug|Any CPU
		Release|Any CPU = Release|Any CPU
	EndGlobalSection
	GlobalSection(ProjectConfigurationPlatforms) = postSolution
		{E35F130C-FCF9-427E-8A18-58989EBCE13E}.Debug|Any CPU.ActiveCfg = Debug|Any CPU
		{E35F130C-FCF9-427E-8A18-58989EBCE13E}.Debug|Any CPU.Build.0 = Debug|Any CPU
		{E35F130C-FCF9-427E-8A18-58989EBCE13E}.Release|Any CPU.ActiveCfg = Release|Any CPU
		{E35F130C-FCF9-427E-8A18-58989EBCE13E}.Release|Any CPU.Build.0 = Release|Any CPU
	EndGlobalSection
	GlobalSection(SolutionProperties) = preSolution
		HideSolutionNode = FALSE
	EndGlobalSection
	GlobalSection(ExtensibilityGlobals) = postSolution
		SolutionGuid = {8ED37DA8-5594-41F0-A31D-3CB8B08A6227}
	EndGlobalSection
EndGlobal
