
Microsoft Visual Studio Solution File, Format Version 12.00
# Visual Studio Version 17
VisualStudioVersion = 17.7.34003.232
MinimumVisualStudioVersion = 10.0.40219.1
Project("{FAE04EC0-301F-11D3-BF4B-00C04F79EFBC}") = "Mod3.Lection2.Hw2.1_12", "Mod3.Lection2.Hw2.1\Mod3.Lection2.Hw2.1_12.csproj", "{ACCE1557-6809-458D-9DD7-D5A299870FDC}"
EndProject
Global
	GlobalSection(SolutionConfigurationPlatforms) = preSolution
		Debug|Any CPU = Debug|Any CPU
		Release|Any CPU = Release|Any CPU
	EndGlobalSection
	GlobalSection(ProjectConfigurationPlatforms) = postSolution
		{ACCE1557-6809-458D-9DD7-D5A299870FDC}.Debug|Any CPU.ActiveCfg = Debug|Any CPU
		{ACCE1557-6809-458D-9DD7-D5A299870FDC}.Debug|Any CPU.Build.0 = Debug|Any CPU
		{ACCE1557-6809-458D-9DD7-D5A299870FDC}.Release|Any CPU.ActiveCfg = Release|Any CPU
		{ACCE1557-6809-458D-9DD7-D5A299870FDC}.Release|Any CPU.Build.0 = Release|Any CPU
	EndGlobalSection
	GlobalSection(SolutionProperties) = preSolution
		HideSolutionNode = FALSE
	EndGlobalSection
	GlobalSection(ExtensibilityGlobals) = postSolution
		SolutionGuid = {FD5F3FBC-5563-49A6-B3E1-297AB2C784AC}
	EndGlobalSection
EndGlobal
