
Microsoft Visual Studio Solution File, Format Version 12.00
# Visual Studio Version 17
VisualStudioVersion = 17.7.34003.232
MinimumVisualStudioVersion = 10.0.40219.1
Project("{FAE04EC0-301F-11D3-BF4B-00C04F79EFBC}") = "Mod2.Lection6.Hw1", "Mod2.Lection6.Hw1\Mod2.Lection6.Hw1.csproj", "{64CE25FE-8FEF-4717-A7A8-B20C613E6179}"
EndProject
Global
	GlobalSection(SolutionConfigurationPlatforms) = preSolution
		Debug|Any CPU = Debug|Any CPU
		Release|Any CPU = Release|Any CPU
	EndGlobalSection
	GlobalSection(ProjectConfigurationPlatforms) = postSolution
		{64CE25FE-8FEF-4717-A7A8-B20C613E6179}.Debug|Any CPU.ActiveCfg = Debug|Any CPU
		{64CE25FE-8FEF-4717-A7A8-B20C613E6179}.Debug|Any CPU.Build.0 = Debug|Any CPU
		{64CE25FE-8FEF-4717-A7A8-B20C613E6179}.Release|Any CPU.ActiveCfg = Release|Any CPU
		{64CE25FE-8FEF-4717-A7A8-B20C613E6179}.Release|Any CPU.Build.0 = Release|Any CPU
	EndGlobalSection
	GlobalSection(SolutionProperties) = preSolution
		HideSolutionNode = FALSE
	EndGlobalSection
	GlobalSection(ExtensibilityGlobals) = postSolution
		SolutionGuid = {4605BF3F-C642-4AE5-966B-4CFB3F7430B5}
	EndGlobalSection
EndGlobal
