
Microsoft Visual Studio Solution File, Format Version 12.00
# Visual Studio Version 17
VisualStudioVersion = 17.7.34003.232
MinimumVisualStudioVersion = 10.0.40219.1
Project("{FAE04EC0-301F-11D3-BF4B-00C04F79EFBC}") = "ModuleWork3.1", "ModuleWork3.1\ModuleWork3.1.csproj", "{0E3DEC30-BE5D-4AB6-AD53-B9CB2F06DD02}"
EndProject
Global
	GlobalSection(SolutionConfigurationPlatforms) = preSolution
		Debug|Any CPU = Debug|Any CPU
		Release|Any CPU = Release|Any CPU
	EndGlobalSection
	GlobalSection(ProjectConfigurationPlatforms) = postSolution
		{0E3DEC30-BE5D-4AB6-AD53-B9CB2F06DD02}.Debug|Any CPU.ActiveCfg = Debug|Any CPU
		{0E3DEC30-BE5D-4AB6-AD53-B9CB2F06DD02}.Debug|Any CPU.Build.0 = Debug|Any CPU
		{0E3DEC30-BE5D-4AB6-AD53-B9CB2F06DD02}.Release|Any CPU.ActiveCfg = Release|Any CPU
		{0E3DEC30-BE5D-4AB6-AD53-B9CB2F06DD02}.Release|Any CPU.Build.0 = Release|Any CPU
	EndGlobalSection
	GlobalSection(SolutionProperties) = preSolution
		HideSolutionNode = FALSE
	EndGlobalSection
	GlobalSection(ExtensibilityGlobals) = postSolution
		SolutionGuid = {4645C1A8-16BD-4325-8691-B89367D78801}
	EndGlobalSection
EndGlobal
